
Microsoft Visual Studio Solution File, Format Version 12.00
# Visual Studio Version 16
VisualStudioVersion = 16.0.31019.35
MinimumVisualStudioVersion = 15.0.26124.0
Project("{9A19103F-16F7-4668-BE54-9A1E7A4F7556}") = "API", "API\API.csproj", "{487FE67D-564B-4AC0-89D4-9A579140043D}"
EndProject
Project("{9A19103F-16F7-4668-BE54-9A1E7A4F7556}") = "DataAccess", "DataAccess\DataAccess.csproj", "{6898C318-6DF9-44A5-96E5-90AE8D5EFE09}"
EndProject
Project("{FAE04EC0-301F-11D3-BF4B-00C04F79EFBC}") = "BusinessLayer", "BusinessLayer\BusinessLayer.csproj", "{02C27AC7-483F-422A-979D-7ECF5FF73014}"
EndProject
Global
	GlobalSection(SolutionConfigurationPlatforms) = preSolution
		Debug|Any CPU = Debug|Any CPU
		Debug|x64 = Debug|x64
		Debug|x86 = Debug|x86
		Release|Any CPU = Release|Any CPU
		Release|x64 = Release|x64
		Release|x86 = Release|x86
	EndGlobalSection
	GlobalSection(ProjectConfigurationPlatforms) = postSolution
		{487FE67D-564B-4AC0-89D4-9A579140043D}.Debug|Any CPU.ActiveCfg = Debug|Any CPU
		{487FE67D-564B-4AC0-89D4-9A579140043D}.Debug|Any CPU.Build.0 = Debug|Any CPU
		{487FE67D-564B-4AC0-89D4-9A579140043D}.Debug|x64.ActiveCfg = Debug|Any CPU
		{487FE67D-564B-4AC0-89D4-9A579140043D}.Debug|x64.Build.0 = Debug|Any CPU
		{487FE67D-564B-4AC0-89D4-9A579140043D}.Debug|x86.ActiveCfg = Debug|Any CPU
		{487FE67D-564B-4AC0-89D4-9A579140043D}.Debug|x86.Build.0 = Debug|Any CPU
		{487FE67D-564B-4AC0-89D4-9A579140043D}.Release|Any CPU.ActiveCfg = Release|Any CPU
		{487FE67D-564B-4AC0-89D4-9A579140043D}.Release|Any CPU.Build.0 = Release|Any CPU
		{487FE67D-564B-4AC0-89D4-9A579140043D}.Release|x64.ActiveCfg = Release|Any CPU
		{487FE67D-564B-4AC0-89D4-9A579140043D}.Release|x64.Build.0 = Release|Any CPU
		{487FE67D-564B-4AC0-89D4-9A579140043D}.Release|x86.ActiveCfg = Release|Any CPU
		{487FE67D-564B-4AC0-89D4-9A579140043D}.Release|x86.Build.0 = Release|Any CPU
		{6898C318-6DF9-44A5-96E5-90AE8D5EFE09}.Debug|Any CPU.ActiveCfg = Debug|Any CPU
		{6898C318-6DF9-44A5-96E5-90AE8D5EFE09}.Debug|Any CPU.Build.0 = Debug|Any CPU
		{6898C318-6DF9-44A5-96E5-90AE8D5EFE09}.Debug|x64.ActiveCfg = Debug|Any CPU
		{6898C318-6DF9-44A5-96E5-90AE8D5EFE09}.Debug|x64.Build.0 = Debug|Any CPU
		{6898C318-6DF9-44A5-96E5-90AE8D5EFE09}.Debug|x86.ActiveCfg = Debug|Any CPU
		{6898C318-6DF9-44A5-96E5-90AE8D5EFE09}.Debug|x86.Build.0 = Debug|Any CPU
		{6898C318-6DF9-44A5-96E5-90AE8D5EFE09}.Release|Any CPU.ActiveCfg = Release|Any CPU
		{6898C318-6DF9-44A5-96E5-90AE8D5EFE09}.Release|Any CPU.Build.0 = Release|Any CPU
		{6898C318-6DF9-44A5-96E5-90AE8D5EFE09}.Release|x64.ActiveCfg = Release|Any CPU
		{6898C318-6DF9-44A5-96E5-90AE8D5EFE09}.Release|x64.Build.0 = Release|Any CPU
		{6898C318-6DF9-44A5-96E5-90AE8D5EFE09}.Release|x86.ActiveCfg = Release|Any CPU
		{6898C318-6DF9-44A5-96E5-90AE8D5EFE09}.Release|x86.Build.0 = Release|Any CPU
		{02C27AC7-483F-422A-979D-7ECF5FF73014}.Debug|Any CPU.ActiveCfg = Debug|Any CPU
		{02C27AC7-483F-422A-979D-7ECF5FF73014}.Debug|Any CPU.Build.0 = Debug|Any CPU
		{02C27AC7-483F-422A-979D-7ECF5FF73014}.Debug|x64.ActiveCfg = Debug|Any CPU
		{02C27AC7-483F-422A-979D-7ECF5FF73014}.Debug|x64.Build.0 = Debug|Any CPU
		{02C27AC7-483F-422A-979D-7ECF5FF73014}.Debug|x86.ActiveCfg = Debug|Any CPU
		{02C27AC7-483F-422A-979D-7ECF5FF73014}.Debug|x86.Build.0 = Debug|Any CPU
		{02C27AC7-483F-422A-979D-7ECF5FF73014}.Release|Any CPU.ActiveCfg = Release|Any CPU
		{02C27AC7-483F-422A-979D-7ECF5FF73014}.Release|Any CPU.Build.0 = Release|Any CPU
		{02C27AC7-483F-422A-979D-7ECF5FF73014}.Release|x64.ActiveCfg = Release|Any CPU
		{02C27AC7-483F-422A-979D-7ECF5FF73014}.Release|x64.Build.0 = Release|Any CPU
		{02C27AC7-483F-422A-979D-7ECF5FF73014}.Release|x86.ActiveCfg = Release|Any CPU
		{02C27AC7-483F-422A-979D-7ECF5FF73014}.Release|x86.Build.0 = Release|Any CPU
	EndGlobalSection
	GlobalSection(SolutionProperties) = preSolution
		HideSolutionNode = FALSE
	EndGlobalSection
	GlobalSection(ExtensibilityGlobals) = postSolution
		SolutionGuid = {B1D99F2B-EEAA-4C22-B14A-52143DA743A0}
	EndGlobalSection
EndGlobal
